// !$*UTF8*$!
{
	archiveVersion = 1;
	classes = {
	};
	objectVersion = 77;
	objects = {

/* Begin PBXBuildFile section */
		143933652E954E890030DFF2 /* Asset.xcassets in Resources */ = {isa = PBXBuildFile; fileRef = 143933642E954E890030DFF2 /* Asset.xcassets */; };
		1455319F2E66F3C900EB945A /* Model.xcdatamodeld in Sources */ = {isa = PBXBuildFile; fileRef = 1455319D2E66F3C900EB945A /* Model.xcdatamodeld */; };
		14D472E02E818FAE00594A4C /* FirebaseAI in Frameworks */ = {isa = PBXBuildFile; productRef = 14D472DF2E818FAE00594A4C /* FirebaseAI */; };
		14D472E22E818FAE00594A4C /* FirebaseAnalytics in Frameworks */ = {isa = PBXBuildFile; productRef = 14D472E12E818FAE00594A4C /* FirebaseAnalytics */; };
		14D472E42E818FAE00594A4C /* FirebaseAnalyticsCore in Frameworks */ = {isa = PBXBuildFile; productRef = 14D472E32E818FAE00594A4C /* FirebaseAnalyticsCore */; };
		14D472E62E818FAE00594A4C /* FirebaseAnalyticsIdentitySupport in Frameworks */ = {isa = PBXBuildFile; productRef = 14D472E52E818FAE00594A4C /* FirebaseAnalyticsIdentitySupport */; };
		14D472E82E818FAE00594A4C /* FirebaseAppCheck in Frameworks */ = {isa = PBXBuildFile; productRef = 14D472E72E818FAE00594A4C /* FirebaseAppCheck */; };
		14D472EA2E818FAE00594A4C /* FirebaseAppDistribution-Beta in Frameworks */ = {isa = PBXBuildFile; productRef = 14D472E92E818FAE00594A4C /* FirebaseAppDistribution-Beta */; };
		14D472EC2E818FAE00594A4C /* FirebaseAuth in Frameworks */ = {isa = PBXBuildFile; productRef = 14D472EB2E818FAE00594A4C /* FirebaseAuth */; };
		14D472EE2E818FAE00594A4C /* FirebaseAuthCombine-Community in Frameworks */ = {isa = PBXBuildFile; productRef = 14D472ED2E818FAE00594A4C /* FirebaseAuthCombine-Community */; };
		14D472F02E818FAE00594A4C /* FirebaseCore in Frameworks */ = {isa = PBXBuildFile; productRef = 14D472EF2E818FAE00594A4C /* FirebaseCore */; };
		14D472F22E818FAE00594A4C /* FirebaseCrashlytics in Frameworks */ = {isa = PBXBuildFile; productRef = 14D472F12E818FAE00594A4C /* FirebaseCrashlytics */; };
		14D472F42E818FAE00594A4C /* FirebaseDatabase in Frameworks */ = {isa = PBXBuildFile; productRef = 14D472F32E818FAE00594A4C /* FirebaseDatabase */; };
		14D472F62E818FAE00594A4C /* FirebaseFirestore in Frameworks */ = {isa = PBXBuildFile; productRef = 14D472F52E818FAE00594A4C /* FirebaseFirestore */; };
		14D472F82E818FAE00594A4C /* FirebaseFirestoreCombine-Community in Frameworks */ = {isa = PBXBuildFile; productRef = 14D472F72E818FAE00594A4C /* FirebaseFirestoreCombine-Community */; };
		14D472FA2E818FAE00594A4C /* FirebaseFunctions in Frameworks */ = {isa = PBXBuildFile; productRef = 14D472F92E818FAE00594A4C /* FirebaseFunctions */; };
		14D472FC2E818FAE00594A4C /* FirebaseFunctionsCombine-Community in Frameworks */ = {isa = PBXBuildFile; productRef = 14D472FB2E818FAE00594A4C /* FirebaseFunctionsCombine-Community */; };
		14D472FE2E818FAE00594A4C /* FirebaseInAppMessaging-Beta in Frameworks */ = {isa = PBXBuildFile; productRef = 14D472FD2E818FAE00594A4C /* FirebaseInAppMessaging-Beta */; };
		14D473002E818FAE00594A4C /* FirebaseInstallations in Frameworks */ = {isa = PBXBuildFile; productRef = 14D472FF2E818FAE00594A4C /* FirebaseInstallations */; };
		14D473022E818FAE00594A4C /* FirebaseMLModelDownloader in Frameworks */ = {isa = PBXBuildFile; productRef = 14D473012E818FAE00594A4C /* FirebaseMLModelDownloader */; };
		14D473042E818FAE00594A4C /* FirebaseMessaging in Frameworks */ = {isa = PBXBuildFile; productRef = 14D473032E818FAE00594A4C /* FirebaseMessaging */; };
		14D473062E818FAE00594A4C /* FirebasePerformance in Frameworks */ = {isa = PBXBuildFile; productRef = 14D473052E818FAE00594A4C /* FirebasePerformance */; };
		14D473082E818FAE00594A4C /* FirebaseRemoteConfig in Frameworks */ = {isa = PBXBuildFile; productRef = 14D473072E818FAE00594A4C /* FirebaseRemoteConfig */; };
		14D4730A2E818FAE00594A4C /* FirebaseStorage in Frameworks */ = {isa = PBXBuildFile; productRef = 14D473092E818FAE00594A4C /* FirebaseStorage */; };
		14D4730C2E818FAE00594A4C /* FirebaseStorageCombine-Community in Frameworks */ = {isa = PBXBuildFile; productRef = 14D4730B2E818FAE00594A4C /* FirebaseStorageCombine-Community */; };
/* End PBXBuildFile section */

/* Begin PBXFileReference section */
		143933642E954E890030DFF2 /* Asset.xcassets */ = {isa = PBXFileReference; lastKnownFileType = folder.assetcatalog; path = Asset.xcassets; sourceTree = "<group>"; };
		1455319E2E66F3C900EB945A /* Model.xcdatamodel */ = {isa = PBXFileReference; lastKnownFileType = wrapper.xcdatamodel; path = Model.xcdatamodel; sourceTree = "<group>"; };
		14B040562E44C0B600CF4658 /* ScoutTrackEmployee.app */ = {isa = PBXFileReference; explicitFileType = wrapper.application; includeInIndex = 0; path = ScoutTrackEmployee.app; sourceTree = BUILT_PRODUCTS_DIR; };
/* End PBXFileReference section */

/* Begin PBXFileSystemSynchronizedBuildFileExceptionSet section */
		1428FEDA2E5DF0AB005BF28D /* Exceptions for "ScoutTrackEmployee" folder in "ScoutTrackEmployee" target */ = {
			isa = PBXFileSystemSynchronizedBuildFileExceptionSet;
			membershipExceptions = (
				Info.plist,
			);
			target = 14B040552E44C0B600CF4658 /* ScoutTrackEmployee */;
		};
/* End PBXFileSystemSynchronizedBuildFileExceptionSet section */

/* Begin PBXFileSystemSynchronizedRootGroup section */
		14B040582E44C0B600CF4658 /* ScoutTrackEmployee */ = {
			isa = PBXFileSystemSynchronizedRootGroup;
			exceptions = (
				1428FEDA2E5DF0AB005BF28D /* Exceptions for "ScoutTrackEmployee" folder in "ScoutTrackEmployee" target */,
			);
			path = ScoutTrackEmployee;
			sourceTree = "<group>";
		};
/* End PBXFileSystemSynchronizedRootGroup section */

/* Begin PBXFrameworksBuildPhase section */
		14B040532E44C0B600CF4658 /* Frameworks */ = {
			isa = PBXFrameworksBuildPhase;
			buildActionMask = 2147483647;
			files = (
				14D472F82E818FAE00594A4C /* FirebaseFirestoreCombine-Community in Frameworks */,
				14D472FA2E818FAE00594A4C /* FirebaseFunctions in Frameworks */,
				14D473062E818FAE00594A4C /* FirebasePerformance in Frameworks */,
				14D4730C2E818FAE00594A4C /* FirebaseStorageCombine-Community in Frameworks */,
				14D473082E818FAE00594A4C /* FirebaseRemoteConfig in Frameworks */,
				14D472E62E818FAE00594A4C /* FirebaseAnalyticsIdentitySupport in Frameworks */,
				14D472E22E818FAE00594A4C /* FirebaseAnalytics in Frameworks */,
				14D472E42E818FAE00594A4C /* FirebaseAnalyticsCore in Frameworks */,
				14D472E82E818FAE00594A4C /* FirebaseAppCheck in Frameworks */,
				14D472E02E818FAE00594A4C /* FirebaseAI in Frameworks */,
				14D472F62E818FAE00594A4C /* FirebaseFirestore in Frameworks */,
				14D473042E818FAE00594A4C /* FirebaseMessaging in Frameworks */,
				14D473002E818FAE00594A4C /* FirebaseInstallations in Frameworks */,
				14D472FC2E818FAE00594A4C /* FirebaseFunctionsCombine-Community in Frameworks */,
				14D472EC2E818FAE00594A4C /* FirebaseAuth in Frameworks */,
				14D472EA2E818FAE00594A4C /* FirebaseAppDistribution-Beta in Frameworks */,
				14D472FE2E818FAE00594A4C /* FirebaseInAppMessaging-Beta in Frameworks */,
				14D472F22E818FAE00594A4C /* FirebaseCrashlytics in Frameworks */,
				14D472F42E818FAE00594A4C /* FirebaseDatabase in Frameworks */,
				14D473022E818FAE00594A4C /* FirebaseMLModelDownloader in Frameworks */,
				14D4730A2E818FAE00594A4C /* FirebaseStorage in Frameworks */,
				14D472F02E818FAE00594A4C /* FirebaseCore in Frameworks */,
				14D472EE2E818FAE00594A4C /* FirebaseAuthCombine-Community in Frameworks */,
			);
			runOnlyForDeploymentPostprocessing = 0;
		};
/* End PBXFrameworksBuildPhase section */

/* Begin PBXGroup section */
		14B0404D2E44C0B600CF4658 = {
			isa = PBXGroup;
			children = (
				143933642E954E890030DFF2 /* Asset.xcassets */,
				1455319D2E66F3C900EB945A /* Model.xcdatamodeld */,
				14B040582E44C0B600CF4658 /* ScoutTrackEmployee */,
				14B040572E44C0B600CF4658 /* Products */,
			);
			sourceTree = "<group>";
		};
		14B040572E44C0B600CF4658 /* Products */ = {
			isa = PBXGroup;
			children = (
				14B040562E44C0B600CF4658 /* ScoutTrackEmployee.app */,
			);
			name = Products;
			sourceTree = "<group>";
		};
/* End PBXGroup section */

/* Begin PBXNativeTarget section */
		14B040552E44C0B600CF4658 /* ScoutTrackEmployee */ = {
			isa = PBXNativeTarget;
			buildConfigurationList = 14B0406A2E44C0B600CF4658 /* Build configuration list for PBXNativeTarget "ScoutTrackEmployee" */;
			buildPhases = (
				14B040522E44C0B600CF4658 /* Sources */,
				14B040532E44C0B600CF4658 /* Frameworks */,
				14B040542E44C0B600CF4658 /* Resources */,
			);
			buildRules = (
			);
			dependencies = (
			);
			fileSystemSynchronizedGroups = (
				14B040582E44C0B600CF4658 /* ScoutTrackEmployee */,
			);
			name = ScoutTrackEmployee;
			productName = ScoutTrackEmployee;
			productReference = 14B040562E44C0B600CF4658 /* ScoutTrackEmployee.app */;
			productType = "com.apple.product-type.application";
		};
/* End PBXNativeTarget section */

/* Begin PBXProject section */
		14B0404E2E44C0B600CF4658 /* Project object */ = {
			isa = PBXProject;
			attributes = {
				BuildIndependentTargetsInParallel = 1;
				LastSwiftUpdateCheck = 1620;
				LastUpgradeCheck = 1620;
				TargetAttributes = {
					14B040552E44C0B600CF4658 = {
						CreatedOnToolsVersion = 16.2;
					};
				};
			};
			buildConfigurationList = 14B040512E44C0B600CF4658 /* Build configuration list for PBXProject "ScoutTrackEmployee" */;
			developmentRegion = en;
			hasScannedForEncodings = 0;
			knownRegions = (
				en,
				Base,
			);
			mainGroup = 14B0404D2E44C0B600CF4658;
			minimizedProjectReferenceProxies = 1;
			packageReferences = (
				14D472DE2E818FAE00594A4C /* XCRemoteSwiftPackageReference "firebase-ios-sdk" */,
			);
			preferredProjectObjectVersion = 77;
			productRefGroup = 14B040572E44C0B600CF4658 /* Products */;
			projectDirPath = "";
			projectRoot = "";
			targets = (
				14B040552E44C0B600CF4658 /* ScoutTrackEmployee */,
			);
		};
/* End PBXProject section */

/* Begin PBXResourcesBuildPhase section */
		14B040542E44C0B600CF4658 /* Resources */ = {
			isa = PBXResourcesBuildPhase;
			buildActionMask = 2147483647;
			files = (
				143933652E954E890030DFF2 /* Asset.xcassets in Resources */,
			);
			runOnlyForDeploymentPostprocessing = 0;
		};
/* End PBXResourcesBuildPhase section */

/* Begin PBXSourcesBuildPhase section */
		14B040522E44C0B600CF4658 /* Sources */ = {
			isa = PBXSourcesBuildPhase;
			buildActionMask = 2147483647;
			files = (
				1455319F2E66F3C900EB945A /* Model.xcdatamodeld in Sources */,
			);
			runOnlyForDeploymentPostprocessing = 0;
		};
/* End PBXSourcesBuildPhase section */

/* Begin XCBuildConfiguration section */
		14B040682E44C0B600CF4658 /* Debug */ = {
			isa = XCBuildConfiguration;
			buildSettings = {
				ALWAYS_SEARCH_USER_PATHS = NO;
				ASSETCATALOG_COMPILER_GENERATE_SWIFT_ASSET_SYMBOL_EXTENSIONS = YES;
				CLANG_ANALYZER_NONNULL = YES;
				CLANG_ANALYZER_NUMBER_OBJECT_CONVERSION = YES_AGGRESSIVE;
				CLANG_CXX_LANGUAGE_STANDARD = "gnu++20";
				CLANG_ENABLE_MODULES = YES;
				CLANG_ENABLE_OBJC_ARC = YES;
				CLANG_ENABLE_OBJC_WEAK = YES;
				CLANG_WARN_BLOCK_CAPTURE_AUTORELEASING = YES;
				CLANG_WARN_BOOL_CONVERSION = YES;
				CLANG_WARN_COMMA = YES;
				CLANG_WARN_CONSTANT_CONVERSION = YES;
				CLANG_WARN_DEPRECATED_OBJC_IMPLEMENTATIONS = YES;
				CLANG_WARN_DIRECT_OBJC_ISA_USAGE = YES_ERROR;
				CLANG_WARN_DOCUMENTATION_COMMENTS = YES;
				CLANG_WARN_EMPTY_BODY = YES;
				CLANG_WARN_ENUM_CONVERSION = YES;
				CLANG_WARN_INFINITE_RECURSION = YES;
				CLANG_WARN_INT_CONVERSION = YES;
				CLANG_WARN_NON_LITERAL_NULL_CONVERSION = YES;
				CLANG_WARN_OBJC_IMPLICIT_RETAIN_SELF = YES;
				CLANG_WARN_OBJC_LITERAL_CONVERSION = YES;
				CLANG_WARN_OBJC_ROOT_CLASS = YES_ERROR;
				CLANG_WARN_QUOTED_INCLUDE_IN_FRAMEWORK_HEADER = YES;
				CLANG_WARN_RANGE_LOOP_ANALYSIS = YES;
				CLANG_WARN_STRICT_PROTOTYPES = YES;
				CLANG_WARN_SUSPICIOUS_MOVE = YES;
				CLANG_WARN_UNGUARDED_AVAILABILITY = YES_AGGRESSIVE;
				CLANG_WARN_UNREACHABLE_CODE = YES;
				CLANG_WARN__DUPLICATE_METHOD_MATCH = YES;
				COPY_PHASE_STRIP = NO;
				DEBUG_INFORMATION_FORMAT = dwarf;
				ENABLE_STRICT_OBJC_MSGSEND = YES;
				ENABLE_TESTABILITY = YES;
				ENABLE_USER_SCRIPT_SANDBOXING = YES;
				GCC_C_LANGUAGE_STANDARD = gnu17;
				GCC_DYNAMIC_NO_PIC = NO;
				GCC_NO_COMMON_BLOCKS = YES;
				GCC_OPTIMIZATION_LEVEL = 0;
				GCC_PREPROCESSOR_DEFINITIONS = (
					"DEBUG=1",
					"$(inherited)",
				);
				GCC_WARN_64_TO_32_BIT_CONVERSION = YES;
				GCC_WARN_ABOUT_RETURN_TYPE = YES_ERROR;
				GCC_WARN_UNDECLARED_SELECTOR = YES;
				GCC_WARN_UNINITIALIZED_AUTOS = YES_AGGRESSIVE;
				GCC_WARN_UNUSED_FUNCTION = YES;
				GCC_WARN_UNUSED_VARIABLE = YES;
				LOCALIZATION_PREFERS_STRING_CATALOGS = YES;
				MTL_ENABLE_DEBUG_INFO = INCLUDE_SOURCE;
				MTL_FAST_MATH = YES;
				ONLY_ACTIVE_ARCH = YES;
				SWIFT_ACTIVE_COMPILATION_CONDITIONS = "DEBUG $(inherited)";
				SWIFT_OPTIMIZATION_LEVEL = "-Onone";
			};
			name = Debug;
		};
		14B040692E44C0B600CF4658 /* Release */ = {
			isa = XCBuildConfiguration;
			buildSettings = {
				ALWAYS_SEARCH_USER_PATHS = NO;
				ASSETCATALOG_COMPILER_GENERATE_SWIFT_ASSET_SYMBOL_EXTENSIONS = YES;
				CLANG_ANALYZER_NONNULL = YES;
				CLANG_ANALYZER_NUMBER_OBJECT_CONVERSION = YES_AGGRESSIVE;
				CLANG_CXX_LANGUAGE_STANDARD = "gnu++20";
				CLANG_ENABLE_MODULES = YES;
				CLANG_ENABLE_OBJC_ARC = YES;
				CLANG_ENABLE_OBJC_WEAK = YES;
				CLANG_WARN_BLOCK_CAPTURE_AUTORELEASING = YES;
				CLANG_WARN_BOOL_CONVERSION = YES;
				CLANG_WARN_COMMA = YES;
				CLANG_WARN_CONSTANT_CONVERSION = YES;
				CLANG_WARN_DEPRECATED_OBJC_IMPLEMENTATIONS = YES;
				CLANG_WARN_DIRECT_OBJC_ISA_USAGE = YES_ERROR;
				CLANG_WARN_DOCUMENTATION_COMMENTS = YES;
				CLANG_WARN_EMPTY_BODY = YES;
				CLANG_WARN_ENUM_CONVERSION = YES;
				CLANG_WARN_INFINITE_RECURSION = YES;
				CLANG_WARN_INT_CONVERSION = YES;
				CLANG_WARN_NON_LITERAL_NULL_CONVERSION = YES;
				CLANG_WARN_OBJC_IMPLICIT_RETAIN_SELF = YES;
				CLANG_WARN_OBJC_LITERAL_CONVERSION = YES;
				CLANG_WARN_OBJC_ROOT_CLASS = YES_ERROR;
				CLANG_WARN_QUOTED_INCLUDE_IN_FRAMEWORK_HEADER = YES;
				CLANG_WARN_RANGE_LOOP_ANALYSIS = YES;
				CLANG_WARN_STRICT_PROTOTYPES = YES;
				CLANG_WARN_SUSPICIOUS_MOVE = YES;
				CLANG_WARN_UNGUARDED_AVAILABILITY = YES_AGGRESSIVE;
				CLANG_WARN_UNREACHABLE_CODE = YES;
				CLANG_WARN__DUPLICATE_METHOD_MATCH = YES;
				COPY_PHASE_STRIP = NO;
				DEBUG_INFORMATION_FORMAT = "dwarf-with-dsym";
				ENABLE_NS_ASSERTIONS = NO;
				ENABLE_STRICT_OBJC_MSGSEND = YES;
				ENABLE_USER_SCRIPT_SANDBOXING = YES;
				GCC_C_LANGUAGE_STANDARD = gnu17;
				GCC_NO_COMMON_BLOCKS = YES;
				GCC_WARN_64_TO_32_BIT_CONVERSION = YES;
				GCC_WARN_ABOUT_RETURN_TYPE = YES_ERROR;
				GCC_WARN_UNDECLARED_SELECTOR = YES;
				GCC_WARN_UNINITIALIZED_AUTOS = YES_AGGRESSIVE;
				GCC_WARN_UNUSED_FUNCTION = YES;
				GCC_WARN_UNUSED_VARIABLE = YES;
				LOCALIZATION_PREFERS_STRING_CATALOGS = YES;
				MTL_ENABLE_DEBUG_INFO = NO;
				MTL_FAST_MATH = YES;
				SWIFT_COMPILATION_MODE = wholemodule;
			};
			name = Release;
		};
		14B0406B2E44C0B600CF4658 /* Debug */ = {
			isa = XCBuildConfiguration;
			buildSettings = {
				ASSETCATALOG_COMPILER_APPICON_NAME = AppIcon;
				ASSETCATALOG_COMPILER_GLOBAL_ACCENT_COLOR_NAME = AccentColor;
				CODE_SIGN_ENTITLEMENTS = ScoutTrackEmployee/ScoutTrackEmployee.entitlements;
				CODE_SIGN_IDENTITY = "Apple Development";
				CODE_SIGN_STYLE = Automatic;
				CURRENT_PROJECT_VERSION = 1;
				DEVELOPMENT_ASSET_PATHS = "\"ScoutTrackEmployee/Preview Content\"";
				DEVELOPMENT_TEAM = XYKHB9R3B5;
				ENABLE_HARDENED_RUNTIME = YES;
				ENABLE_PREVIEWS = YES;
				GENERATE_INFOPLIST_FILE = YES;
				INFOPLIST_FILE = ScoutTrackEmployee/Info.plist;
				INFOPLIST_KEY_NSLocalNetworkUsageDescription = "This app needs access to the local network for development purposes.";
				INFOPLIST_KEY_NSLocationWhenInUseUsageDescription = "\"We need your location to show nearby places.\"(PRODUCT_BUNDLE_IDENTIFIER)";
				INFOPLIST_KEY_NSPhotoLibraryAddUsageDescription = "We need access to save offline ticket images.";
				INFOPLIST_KEY_NSPhotoLibraryUsageDescription = "We need access to show offline images.";
				"INFOPLIST_KEY_UIApplicationSceneManifest_Generation[sdk=iphoneos*]" = YES;
				"INFOPLIST_KEY_UIApplicationSceneManifest_Generation[sdk=iphonesimulator*]" = YES;
				"INFOPLIST_KEY_UIApplicationSupportsIndirectInputEvents[sdk=iphoneos*]" = YES;
				"INFOPLIST_KEY_UIApplicationSupportsIndirectInputEvents[sdk=iphonesimulator*]" = YES;
				"INFOPLIST_KEY_UILaunchScreen_Generation[sdk=iphoneos*]" = YES;
				"INFOPLIST_KEY_UILaunchScreen_Generation[sdk=iphonesimulator*]" = YES;
				"INFOPLIST_KEY_UIStatusBarStyle[sdk=iphoneos*]" = UIStatusBarStyleDefault;
				"INFOPLIST_KEY_UIStatusBarStyle[sdk=iphonesimulator*]" = UIStatusBarStyleDefault;
				INFOPLIST_KEY_UISupportedInterfaceOrientations_iPad = "UIInterfaceOrientationPortrait UIInterfaceOrientationPortraitUpsideDown UIInterfaceOrientationLandscapeLeft UIInterfaceOrientationLandscapeRight";
				INFOPLIST_KEY_UISupportedInterfaceOrientations_iPhone = "UIInterfaceOrientationPortrait UIInterfaceOrientationLandscapeLeft UIInterfaceOrientationLandscapeRight";
				IPHONEOS_DEPLOYMENT_TARGET = 16.6;
				LD_RUNPATH_SEARCH_PATHS = "@executable_path/Frameworks";
				MACOSX_DEPLOYMENT_TARGET = 15.2;
				MARKETING_VERSION = 2.0;
				PRODUCT_BUNDLE_IDENTIFIER = com.native.ScoutTrackEmployee;
				PRODUCT_NAME = "$(TARGET_NAME)";
				PROVISIONING_PROFILE_SPECIFIER = "";
				SDKROOT = auto;
				SUPPORTED_PLATFORMS = "iphoneos iphonesimulator macosx xros xrsimulator";
				SWIFT_EMIT_LOC_STRINGS = YES;
				SWIFT_VERSION = 5.0;
				TARGETED_DEVICE_FAMILY = "1,2,7";
				XROS_DEPLOYMENT_TARGET = 2.2;
			};
			name = Debug;
		};
		14B0406C2E44C0B600CF4658 /* Release */ = {
			isa = XCBuildConfiguration;
			buildSettings = {
				ASSETCATALOG_COMPILER_APPICON_NAME = AppIcon;
				ASSETCATALOG_COMPILER_GLOBAL_ACCENT_COLOR_NAME = AccentColor;
				CODE_SIGN_ENTITLEMENTS = ScoutTrackEmployee/ScoutTrackEmployee.entitlements;
				CODE_SIGN_IDENTITY = "Apple Development";
				CODE_SIGN_STYLE = Automatic;
				CURRENT_PROJECT_VERSION = 1;
				DEVELOPMENT_ASSET_PATHS = "\"ScoutTrackEmployee/Preview Content\"";
				DEVELOPMENT_TEAM = XYKHB9R3B5;
				ENABLE_HARDENED_RUNTIME = YES;
				ENABLE_PREVIEWS = YES;
				GENERATE_INFOPLIST_FILE = YES;
				INFOPLIST_FILE = ScoutTrackEmployee/Info.plist;
				INFOPLIST_KEY_NSLocalNetworkUsageDescription = "This app needs access to the local network for development purposes.";
				INFOPLIST_KEY_NSLocationWhenInUseUsageDescription = "\"We need your location to show nearby places.\"(PRODUCT_BUNDLE_IDENTIFIER)";
				INFOPLIST_KEY_NSPhotoLibraryAddUsageDescription = "We need access to save offline ticket images.";
				INFOPLIST_KEY_NSPhotoLibraryUsageDescription = "We need access to show offline images.";
				"INFOPLIST_KEY_UIApplicationSceneManifest_Generation[sdk=iphoneos*]" = YES;
				"INFOPLIST_KEY_UIApplicationSceneManifest_Generation[sdk=iphonesimulator*]" = YES;
				"INFOPLIST_KEY_UIApplicationSupportsIndirectInputEvents[sdk=iphoneos*]" = YES;
				"INFOPLIST_KEY_UIApplicationSupportsIndirectInputEvents[sdk=iphonesimulator*]" = YES;
				"INFOPLIST_KEY_UILaunchScreen_Generation[sdk=iphoneos*]" = YES;
				"INFOPLIST_KEY_UILaunchScreen_Generation[sdk=iphonesimulator*]" = YES;
				"INFOPLIST_KEY_UIStatusBarStyle[sdk=iphoneos*]" = UIStatusBarStyleDefault;
				"INFOPLIST_KEY_UIStatusBarStyle[sdk=iphonesimulator*]" = UIStatusBarStyleDefault;
				INFOPLIST_KEY_UISupportedInterfaceOrientations_iPad = "UIInterfaceOrientationPortrait UIInterfaceOrientationPortraitUpsideDown UIInterfaceOrientationLandscapeLeft UIInterfaceOrientationLandscapeRight";
				INFOPLIST_KEY_UISupportedInterfaceOrientations_iPhone = "UIInterfaceOrientationPortrait UIInterfaceOrientationLandscapeLeft UIInterfaceOrientationLandscapeRight";
				IPHONEOS_DEPLOYMENT_TARGET = 16.6;
				LD_RUNPATH_SEARCH_PATHS = "@executable_path/Frameworks";
				"LD_RUNPATH_SEARCH_PATHS[sdk=macosx*]" = "@executable_path/../Frameworks";
				MACOSX_DEPLOYMENT_TARGET = 15.2;
				MARKETING_VERSION = 2.0;
				PRODUCT_BUNDLE_IDENTIFIER = com.native.ScoutTrackEmployee;
				PRODUCT_NAME = "$(TARGET_NAME)";
				PROVISIONING_PROFILE_SPECIFIER = "";
				SDKROOT = auto;
				SUPPORTED_PLATFORMS = "iphoneos iphonesimulator macosx xros xrsimulator";
				SWIFT_EMIT_LOC_STRINGS = YES;
				SWIFT_VERSION = 5.0;
				TARGETED_DEVICE_FAMILY = "1,2,7";
				XROS_DEPLOYMENT_TARGET = 2.2;
			};
			name = Release;
		};
/* End XCBuildConfiguration section */

/* Begin XCConfigurationList section */
		14B040512E44C0B600CF4658 /* Build configuration list for PBXProject "ScoutTrackEmployee" */ = {
			isa = XCConfigurationList;
			buildConfigurations = (
				14B040682E44C0B600CF4658 /* Debug */,
				14B040692E44C0B600CF4658 /* Release */,
			);
			defaultConfigurationIsVisible = 0;
			defaultConfigurationName = Release;
		};
		14B0406A2E44C0B600CF4658 /* Build configuration list for PBXNativeTarget "ScoutTrackEmployee" */ = {
			isa = XCConfigurationList;
			buildConfigurations = (
				14B0406B2E44C0B600CF4658 /* Debug */,
				14B0406C2E44C0B600CF4658 /* Release */,
			);
			defaultConfigurationIsVisible = 0;
			defaultConfigurationName = Release;
		};
/* End XCConfigurationList section */

/* Begin XCRemoteSwiftPackageReference section */
		14D472DE2E818FAE00594A4C /* XCRemoteSwiftPackageReference "firebase-ios-sdk" */ = {
			isa = XCRemoteSwiftPackageReference;
			repositoryURL = "https://github.com/firebase/firebase-ios-sdk";
			requirement = {
				kind = upToNextMajorVersion;
				minimumVersion = 12.3.0;
			};
		};
/* End XCRemoteSwiftPackageReference section */

/* Begin XCSwiftPackageProductDependency section */
		14D472DF2E818FAE00594A4C /* FirebaseAI */ = {
			isa = XCSwiftPackageProductDependency;
			package = 14D472DE2E818FAE00594A4C /* XCRemoteSwiftPackageReference "firebase-ios-sdk" */;
			productName = FirebaseAI;
		};
		14D472E12E818FAE00594A4C /* FirebaseAnalytics */ = {
			isa = XCSwiftPackageProductDependency;
			package = 14D472DE2E818FAE00594A4C /* XCRemoteSwiftPackageReference "firebase-ios-sdk" */;
			productName = FirebaseAnalytics;
		};
		14D472E32E818FAE00594A4C /* FirebaseAnalyticsCore */ = {
			isa = XCSwiftPackageProductDependency;
			package = 14D472DE2E818FAE00594A4C /* XCRemoteSwiftPackageReference "firebase-ios-sdk" */;
			productName = FirebaseAnalyticsCore;
		};
		14D472E52E818FAE00594A4C /* FirebaseAnalyticsIdentitySupport */ = {
			isa = XCSwiftPackageProductDependency;
			package = 14D472DE2E818FAE00594A4C /* XCRemoteSwiftPackageReference "firebase-ios-sdk" */;
			productName = FirebaseAnalyticsIdentitySupport;
		};
		14D472E72E818FAE00594A4C /* FirebaseAppCheck */ = {
			isa = XCSwiftPackageProductDependency;
			package = 14D472DE2E818FAE00594A4C /* XCRemoteSwiftPackageReference "firebase-ios-sdk" */;
			productName = FirebaseAppCheck;
		};
		14D472E92E818FAE00594A4C /* FirebaseAppDistribution-Beta */ = {
			isa = XCSwiftPackageProductDependency;
			package = 14D472DE2E818FAE00594A4C /* XCRemoteSwiftPackageReference "firebase-ios-sdk" */;
			productName = "FirebaseAppDistribution-Beta";
		};
		14D472EB2E818FAE00594A4C /* FirebaseAuth */ = {
			isa = XCSwiftPackageProductDependency;
			package = 14D472DE2E818FAE00594A4C /* XCRemoteSwiftPackageReference "firebase-ios-sdk" */;
			productName = FirebaseAuth;
		};
		14D472ED2E818FAE00594A4C /* FirebaseAuthCombine-Community */ = {
			isa = XCSwiftPackageProductDependency;
			package = 14D472DE2E818FAE00594A4C /* XCRemoteSwiftPackageReference "firebase-ios-sdk" */;
			productName = "FirebaseAuthCombine-Community";
		};
		14D472EF2E818FAE00594A4C /* FirebaseCore */ = {
			isa = XCSwiftPackageProductDependency;
			package = 14D472DE2E818FAE00594A4C /* XCRemoteSwiftPackageReference "firebase-ios-sdk" */;
			productName = FirebaseCore;
		};
		14D472F12E818FAE00594A4C /* FirebaseCrashlytics */ = {
			isa = XCSwiftPackageProductDependency;
			package = 14D472DE2E818FAE00594A4C /* XCRemoteSwiftPackageReference "firebase-ios-sdk" */;
			productName = FirebaseCrashlytics;
		};
		14D472F32E818FAE00594A4C /* FirebaseDatabase */ = {
			isa = XCSwiftPackageProductDependency;
			package = 14D472DE2E818FAE00594A4C /* XCRemoteSwiftPackageReference "firebase-ios-sdk" */;
			productName = FirebaseDatabase;
		};
		14D472F52E818FAE00594A4C /* FirebaseFirestore */ = {
			isa = XCSwiftPackageProductDependency;
			package = 14D472DE2E818FAE00594A4C /* XCRemoteSwiftPackageReference "firebase-ios-sdk" */;
			productName = FirebaseFirestore;
		};
		14D472F72E818FAE00594A4C /* FirebaseFirestoreCombine-Community */ = {
			isa = XCSwiftPackageProductDependency;
			package = 14D472DE2E818FAE00594A4C /* XCRemoteSwiftPackageReference "firebase-ios-sdk" */;
			productName = "FirebaseFirestoreCombine-Community";
		};
		14D472F92E818FAE00594A4C /* FirebaseFunctions */ = {
			isa = XCSwiftPackageProductDependency;
			package = 14D472DE2E818FAE00594A4C /* XCRemoteSwiftPackageReference "firebase-ios-sdk" */;
			productName = FirebaseFunctions;
		};
		14D472FB2E818FAE00594A4C /* FirebaseFunctionsCombine-Community */ = {
			isa = XCSwiftPackageProductDependency;
			package = 14D472DE2E818FAE00594A4C /* XCRemoteSwiftPackageReference "firebase-ios-sdk" */;
			productName = "FirebaseFunctionsCombine-Community";
		};
		14D472FD2E818FAE00594A4C /* FirebaseInAppMessaging-Beta */ = {
			isa = XCSwiftPackageProductDependency;
			package = 14D472DE2E818FAE00594A4C /* XCRemoteSwiftPackageReference "firebase-ios-sdk" */;
			productName = "FirebaseInAppMessaging-Beta";
		};
		14D472FF2E818FAE00594A4C /* FirebaseInstallations */ = {
			isa = XCSwiftPackageProductDependency;
			package = 14D472DE2E818FAE00594A4C /* XCRemoteSwiftPackageReference "firebase-ios-sdk" */;
			productName = FirebaseInstallations;
		};
		14D473012E818FAE00594A4C /* FirebaseMLModelDownloader */ = {
			isa = XCSwiftPackageProductDependency;
			package = 14D472DE2E818FAE00594A4C /* XCRemoteSwiftPackageReference "firebase-ios-sdk" */;
			productName = FirebaseMLModelDownloader;
		};
		14D473032E818FAE00594A4C /* FirebaseMessaging */ = {
			isa = XCSwiftPackageProductDependency;
			package = 14D472DE2E818FAE00594A4C /* XCRemoteSwiftPackageReference "firebase-ios-sdk" */;
			productName = FirebaseMessaging;
		};
		14D473052E818FAE00594A4C /* FirebasePerformance */ = {
			isa = XCSwiftPackageProductDependency;
			package = 14D472DE2E818FAE00594A4C /* XCRemoteSwiftPackageReference "firebase-ios-sdk" */;
			productName = FirebasePerformance;
		};
		14D473072E818FAE00594A4C /* FirebaseRemoteConfig */ = {
			isa = XCSwiftPackageProductDependency;
			package = 14D472DE2E818FAE00594A4C /* XCRemoteSwiftPackageReference "firebase-ios-sdk" */;
			productName = FirebaseRemoteConfig;
		};
		14D473092E818FAE00594A4C /* FirebaseStorage */ = {
			isa = XCSwiftPackageProductDependency;
			package = 14D472DE2E818FAE00594A4C /* XCRemoteSwiftPackageReference "firebase-ios-sdk" */;
			productName = FirebaseStorage;
		};
		14D4730B2E818FAE00594A4C /* FirebaseStorageCombine-Community */ = {
			isa = XCSwiftPackageProductDependency;
			package = 14D472DE2E818FAE00594A4C /* XCRemoteSwiftPackageReference "firebase-ios-sdk" */;
			productName = "FirebaseStorageCombine-Community";
		};
/* End XCSwiftPackageProductDependency section */

/* Begin XCVersionGroup section */
		1455319D2E66F3C900EB945A /* Model.xcdatamodeld */ = {
			isa = XCVersionGroup;
			children = (
				1455319E2E66F3C900EB945A /* Model.xcdatamodel */,
			);
			currentVersion = 1455319E2E66F3C900EB945A /* Model.xcdatamodel */;
			path = Model.xcdatamodeld;
			sourceTree = "<group>";
			versionGroupType = wrapper.xcdatamodel;
		};
/* End XCVersionGroup section */
	};
	rootObject = 14B0404E2E44C0B600CF4658 /* Project object */;
}
